
Microsoft Visual Studio Solution File, Format Version 12.00
# Visual Studio 2012
Project("{FAE04EC0-301F-11D3-BF4B-00C04F79EFBC}") = "GenSample-Ruby", "GenSample-Ruby.csproj", "{F2D96774-2A3A-4C32-9A68-72E0E2E6F2B3}"
EndProject
Project("{FAE04EC0-301F-11D3-BF4B-00C04F79EFBC}") = "ChilkatApi", "..\ChilkatApi\ChilkatApi.csproj", "{6DF0B266-79DE-42EB-927D-55C866171409}"
EndProject
Global
	GlobalSection(SolutionConfigurationPlatforms) = preSolution
		Debug|Any CPU = Debug|Any CPU
		Debug|x64 = Debug|x64
		Release|Any CPU = Release|Any CPU
		Release|x64 = Release|x64
	EndGlobalSection
	GlobalSection(ProjectConfigurationPlatforms) = postSolution
		{F2D96774-2A3A-4C32-9A68-72E0E2E6F2B3}.Debug|Any CPU.ActiveCfg = Debug|x64
		{F2D96774-2A3A-4C32-9A68-72E0E2E6F2B3}.Debug|x64.ActiveCfg = Debug|x64
		{F2D96774-2A3A-4C32-9A68-72E0E2E6F2B3}.Debug|x64.Build.0 = Debug|x64
		{F2D96774-2A3A-4C32-9A68-72E0E2E6F2B3}.Release|Any CPU.ActiveCfg = Debug|x64
		{F2D96774-2A3A-4C32-9A68-72E0E2E6F2B3}.Release|x64.ActiveCfg = Debug|x64
		{F2D96774-2A3A-4C32-9A68-72E0E2E6F2B3}.Release|x64.Build.0 = Debug|x64
		{6DF0B266-79DE-42EB-927D-55C866171409}.Debug|Any CPU.ActiveCfg = Debug|x64
		{6DF0B266-79DE-42EB-927D-55C866171409}.Debug|x64.ActiveCfg = Debug|x64
		{6DF0B266-79DE-42EB-927D-55C866171409}.Debug|x64.Build.0 = Debug|x64
		{6DF0B266-79DE-42EB-927D-55C866171409}.Release|Any CPU.ActiveCfg = Debug|x64
		{6DF0B266-79DE-42EB-927D-55C866171409}.Release|x64.ActiveCfg = Debug|x64
		{6DF0B266-79DE-42EB-927D-55C866171409}.Release|x64.Build.0 = Debug|x64
	EndGlobalSection
	GlobalSection(SolutionProperties) = preSolution
		HideSolutionNode = FALSE
	EndGlobalSection
EndGlobal
